
Microsoft Visual Studio Solution File, Format Version 12.00
# Visual Studio Version 17
VisualStudioVersion = 17.0.32112.339
MinimumVisualStudioVersion = 10.0.40219.1
Project("{FAE04EC0-301F-11D3-BF4B-00C04F79EFBC}") = "Heroes3.0", "Heroes3\Heroes3.0.csproj", "{4818F996-C827-4C5A-AFA7-420CD1B0C1C2}"
EndProject
Global
	GlobalSection(SolutionConfigurationPlatforms) = preSolution
		Debug|Any CPU = Debug|Any CPU
		Release|Any CPU = Release|Any CPU
	EndGlobalSection
	GlobalSection(ProjectConfigurationPlatforms) = postSolution
		{4818F996-C827-4C5A-AFA7-420CD1B0C1C2}.Debug|Any CPU.ActiveCfg = Debug|Any CPU
		{4818F996-C827-4C5A-AFA7-420CD1B0C1C2}.Debug|Any CPU.Build.0 = Debug|Any CPU
		{4818F996-C827-4C5A-AFA7-420CD1B0C1C2}.Release|Any CPU.ActiveCfg = Release|Any CPU
		{4818F996-C827-4C5A-AFA7-420CD1B0C1C2}.Release|Any CPU.Build.0 = Release|Any CPU
	EndGlobalSection
	GlobalSection(SolutionProperties) = preSolution
		HideSolutionNode = FALSE
	EndGlobalSection
	GlobalSection(ExtensibilityGlobals) = postSolution
		SolutionGuid = {0304A38D-4E1D-49BD-90E3-6D134D946F92}
	EndGlobalSection
EndGlobal
